
Microsoft Visual Studio Solution File, Format Version 12.00
# Visual Studio 15
VisualStudioVersion = 15.0.27130.2027
MinimumVisualStudioVersion = 10.0.40219.1
Project("{FAE04EC0-301F-11D3-BF4B-00C04F79EFBC}") = "Archivos de Texto y Binarios", "Archivos de Texto y Binarios\Archivos de Texto y Binarios.csproj", "{2B7FC53C-B2F0-491C-B3E8-63D9107C1DA6}"
EndProject
Global
	GlobalSection(SolutionConfigurationPlatforms) = preSolution
		Debug|Any CPU = Debug|Any CPU
		Release|Any CPU = Release|Any CPU
	EndGlobalSection
	GlobalSection(ProjectConfigurationPlatforms) = postSolution
		{2B7FC53C-B2F0-491C-B3E8-63D9107C1DA6}.Debug|Any CPU.ActiveCfg = Debug|Any CPU
		{2B7FC53C-B2F0-491C-B3E8-63D9107C1DA6}.Debug|Any CPU.Build.0 = Debug|Any CPU
		{2B7FC53C-B2F0-491C-B3E8-63D9107C1DA6}.Release|Any CPU.ActiveCfg = Release|Any CPU
		{2B7FC53C-B2F0-491C-B3E8-63D9107C1DA6}.Release|Any CPU.Build.0 = Release|Any CPU
	EndGlobalSection
	GlobalSection(SolutionProperties) = preSolution
		HideSolutionNode = FALSE
	EndGlobalSection
	GlobalSection(ExtensibilityGlobals) = postSolution
		SolutionGuid = {63BAD2DF-F441-4811-9FAB-0CD579DEFE52}
	EndGlobalSection
EndGlobal
